
Microsoft Visual Studio Solution File, Format Version 12.00
# Visual Studio Version 16
VisualStudioVersion = 16.0.31624.102
MinimumVisualStudioVersion = 10.0.40219.1
Project("{FAE04EC0-301F-11D3-BF4B-00C04F79EFBC}") = "Page44", "Page44\Page44.csproj", "{C2FE8A66-0E63-449D-A940-6F010CF19DA3}"
EndProject
Project("{FAE04EC0-301F-11D3-BF4B-00C04F79EFBC}") = "Page55", "Page55\Page55.csproj", "{17FA9708-F0CC-48FF-AA44-2D7B94571C61}"
EndProject
Project("{FAE04EC0-301F-11D3-BF4B-00C04F79EFBC}") = "Page57", "Page57\Page57.csproj", "{07B59654-0FFC-40DE-82A2-8915D40761CA}"
EndProject
Project("{FAE04EC0-301F-11D3-BF4B-00C04F79EFBC}") = "Page58", "Page58\Page58.csproj", "{B9DB5A57-A1D6-4EBB-8E01-EAF414C9E2B2}"
EndProject
Project("{FAE04EC0-301F-11D3-BF4B-00C04F79EFBC}") = "Page59", "Page59\Page59.csproj", "{6FED430D-D473-450E-90C5-7C389F0B0954}"
EndProject
Project("{FAE04EC0-301F-11D3-BF4B-00C04F79EFBC}") = "Page60", "Page60\Page60.csproj", "{899B8FC2-3F64-4F76-B969-EE80B6204375}"
EndProject
Project("{FAE04EC0-301F-11D3-BF4B-00C04F79EFBC}") = "Page62", "Page62\Page62.csproj", "{9A081985-DAEB-4330-B329-F2F3A31DADCB}"
EndProject
Global
	GlobalSection(SolutionConfigurationPlatforms) = preSolution
		Debug|Any CPU = Debug|Any CPU
		Release|Any CPU = Release|Any CPU
	EndGlobalSection
	GlobalSection(ProjectConfigurationPlatforms) = postSolution
		{C2FE8A66-0E63-449D-A940-6F010CF19DA3}.Debug|Any CPU.ActiveCfg = Debug|Any CPU
		{C2FE8A66-0E63-449D-A940-6F010CF19DA3}.Debug|Any CPU.Build.0 = Debug|Any CPU
		{C2FE8A66-0E63-449D-A940-6F010CF19DA3}.Release|Any CPU.ActiveCfg = Release|Any CPU
		{C2FE8A66-0E63-449D-A940-6F010CF19DA3}.Release|Any CPU.Build.0 = Release|Any CPU
		{17FA9708-F0CC-48FF-AA44-2D7B94571C61}.Debug|Any CPU.ActiveCfg = Debug|Any CPU
		{17FA9708-F0CC-48FF-AA44-2D7B94571C61}.Debug|Any CPU.Build.0 = Debug|Any CPU
		{17FA9708-F0CC-48FF-AA44-2D7B94571C61}.Release|Any CPU.ActiveCfg = Release|Any CPU
		{17FA9708-F0CC-48FF-AA44-2D7B94571C61}.Release|Any CPU.Build.0 = Release|Any CPU
		{07B59654-0FFC-40DE-82A2-8915D40761CA}.Debug|Any CPU.ActiveCfg = Debug|Any CPU
		{07B59654-0FFC-40DE-82A2-8915D40761CA}.Debug|Any CPU.Build.0 = Debug|Any CPU
		{07B59654-0FFC-40DE-82A2-8915D40761CA}.Release|Any CPU.ActiveCfg = Release|Any CPU
		{07B59654-0FFC-40DE-82A2-8915D40761CA}.Release|Any CPU.Build.0 = Release|Any CPU
		{B9DB5A57-A1D6-4EBB-8E01-EAF414C9E2B2}.Debug|Any CPU.ActiveCfg = Debug|Any CPU
		{B9DB5A57-A1D6-4EBB-8E01-EAF414C9E2B2}.Debug|Any CPU.Build.0 = Debug|Any CPU
		{B9DB5A57-A1D6-4EBB-8E01-EAF414C9E2B2}.Release|Any CPU.ActiveCfg = Release|Any CPU
		{B9DB5A57-A1D6-4EBB-8E01-EAF414C9E2B2}.Release|Any CPU.Build.0 = Release|Any CPU
		{6FED430D-D473-450E-90C5-7C389F0B0954}.Debug|Any CPU.ActiveCfg = Debug|Any CPU
		{6FED430D-D473-450E-90C5-7C389F0B0954}.Debug|Any CPU.Build.0 = Debug|Any CPU
		{6FED430D-D473-450E-90C5-7C389F0B0954}.Release|Any CPU.ActiveCfg = Release|Any CPU
		{6FED430D-D473-450E-90C5-7C389F0B0954}.Release|Any CPU.Build.0 = Release|Any CPU
		{899B8FC2-3F64-4F76-B969-EE80B6204375}.Debug|Any CPU.ActiveCfg = Debug|Any CPU
		{899B8FC2-3F64-4F76-B969-EE80B6204375}.Debug|Any CPU.Build.0 = Debug|Any CPU
		{899B8FC2-3F64-4F76-B969-EE80B6204375}.Release|Any CPU.ActiveCfg = Release|Any CPU
		{899B8FC2-3F64-4F76-B969-EE80B6204375}.Release|Any CPU.Build.0 = Release|Any CPU
		{9A081985-DAEB-4330-B329-F2F3A31DADCB}.Debug|Any CPU.ActiveCfg = Debug|Any CPU
		{9A081985-DAEB-4330-B329-F2F3A31DADCB}.Debug|Any CPU.Build.0 = Debug|Any CPU
		{9A081985-DAEB-4330-B329-F2F3A31DADCB}.Release|Any CPU.ActiveCfg = Release|Any CPU
		{9A081985-DAEB-4330-B329-F2F3A31DADCB}.Release|Any CPU.Build.0 = Release|Any CPU
	EndGlobalSection
	GlobalSection(SolutionProperties) = preSolution
		HideSolutionNode = FALSE
	EndGlobalSection
	GlobalSection(ExtensibilityGlobals) = postSolution
		SolutionGuid = {DF1A9BB4-8891-4C73-B8C2-776BC4290E8C}
	EndGlobalSection
EndGlobal
